<?xml version="1.0" encoding="utf-8"?>
<Project ToolsVersion="4.0" xmlns="http://schemas.microsoft.com/developer/msbuild/2003">
  <ItemGroup>
    <Filter Include="win32">
      <UniqueIdentifier>{84a8ebd7-7cf0-47f6-b75e-d441df67da40}</UniqueIdentifier>
    </Filter>
    <Filter Include="resource">
      <UniqueIdentifier>{715254bc-d70b-4ec5-bf29-467dd3ace079}</UniqueIdentifier>
    </Filter>
    <Filter Include="src">
      <UniqueIdentifier>{bb6c862e-70e9-49d9-81b7-3829a6f50471}</UniqueIdentifier>
    </Filter>
    <Filter Include="src\游戏">
      <UniqueIdentifier>{83e63a29-6f71-4cec-a87a-325962761214}</UniqueIdentifier>
    </Filter>
    <Filter Include="src\全局">
      <UniqueIdentifier>{4daf7c8f-c17a-49ca-962d-834fbad0aec6}</UniqueIdentifier>
    </Filter>
    <Filter Include="src\游戏\扑克管理器">
      <UniqueIdentifier>{6186571e-ec85-4d85-a03f-06bd72a5b8e1}</UniqueIdentifier>
    </Filter>
    <Filter Include="src\游戏\扑克管理器\扑克">
      <UniqueIdentifier>{6518b5a0-7f14-49a6-af88-b726a9d80332}</UniqueIdentifier>
    </Filter>
    <Filter Include="src\游戏\玩家">
      <UniqueIdentifier>{5dac270c-5d13-4d56-8412-0f247595c508}</UniqueIdentifier>
    </Filter>
    <Filter Include="src\游戏\扑克管理器\规则">
      <UniqueIdentifier>{745c3cf4-d934-42ee-a9fc-87d1b7edd016}</UniqueIdentifier>
    </Filter>
    <Filter Include="src\游戏\扑克管理器\规则\牌值类型">
      <UniqueIdentifier>{6dae00af-70b7-4ddb-abcd-63dc08cf5184}</UniqueIdentifier>
    </Filter>
    <Filter Include="src\游戏\扑克管理器\扑克\出牌">
      <UniqueIdentifier>{05d19fb1-3af8-4cce-8ecf-e0bb463b4575}</UniqueIdentifier>
    </Filter>
  </ItemGroup>
  <ItemGroup>
    <ClCompile Include="main.cpp">
      <Filter>win32</Filter>
    </ClCompile>
    <ClCompile Include="..\Classes\AppDelegate.cpp">
      <Filter>src</Filter>
    </ClCompile>
    <ClCompile Include="..\Classes\Poker.cpp">
      <Filter>src\游戏\扑克管理器\扑克</Filter>
    </ClCompile>
    <ClCompile Include="..\Classes\GameScene.cpp">
      <Filter>src\游戏</Filter>
    </ClCompile>
    <ClCompile Include="..\Classes\PokerController.cpp">
      <Filter>src\游戏\扑克管理器</Filter>
    </ClCompile>
    <ClCompile Include="..\Classes\Player.cpp">
      <Filter>src\游戏\玩家</Filter>
    </ClCompile>
    <ClCompile Include="..\Classes\GlobalFunc.cpp">
      <Filter>src\全局</Filter>
    </ClCompile>
    <ClCompile Include="..\Classes\GameRules.cpp">
      <Filter>src\游戏\扑克管理器\规则</Filter>
    </ClCompile>
    <ClCompile Include="..\Classes\OutCards.cpp">
      <Filter>src\游戏\扑克管理器\扑克\出牌</Filter>
    </ClCompile>
  </ItemGroup>
  <ItemGroup>
    <ClInclude Include="main.h">
      <Filter>win32</Filter>
    </ClInclude>
    <ClInclude Include="..\Classes\AppDelegate.h">
      <Filter>src</Filter>
    </ClInclude>
    <ClInclude Include="..\Classes\Poker.h">
      <Filter>src\游戏\扑克管理器\扑克</Filter>
    </ClInclude>
    <ClInclude Include="..\Classes\GameScene.h">
      <Filter>src\游戏</Filter>
    </ClInclude>
    <ClInclude Include="..\Classes\PokerController.h">
      <Filter>src\游戏\扑克管理器</Filter>
    </ClInclude>
    <ClInclude Include="..\Classes\GlobalDefine.h">
      <Filter>src\全局</Filter>
    </ClInclude>
    <ClInclude Include="..\Classes\Player.h">
      <Filter>src\游戏\玩家</Filter>
    </ClInclude>
    <ClInclude Include="..\Classes\GlobalFunc.h">
      <Filter>src\全局</Filter>
    </ClInclude>
    <ClInclude Include="..\Classes\GameRules.h">
      <Filter>src\游戏\扑克管理器\规则</Filter>
    </ClInclude>
    <ClInclude Include="..\Classes\PokerValueType.h">
      <Filter>src\游戏\扑克管理器\规则\牌值类型</Filter>
    </ClInclude>
    <ClInclude Include="..\Classes\OutCards.h">
      <Filter>src\游戏\扑克管理器\扑克\出牌</Filter>
    </ClInclude>
  </ItemGroup>
  <ItemGroup>
    <ResourceCompile Include="game.rc">
      <Filter>resource</Filter>
    </ResourceCompile>
  </ItemGroup>
</Project>